
Microsoft Visual Studio Solution File, Format Version 12.00
Project("{F2A71F9B-5D33-465A-A702-920D77279786}") = "Lib", "Lib\Lib.fsproj", "{26AC453A-7182-4CCB-B996-99E9DA21E494}"
EndProject
Project("{F2A71F9B-5D33-465A-A702-920D77279786}") = "Tests", "Tests\Tests.fsproj", "{14DC7B73-9F89-417F-A4DD-5582332633A8}"
EndProject
Global
	GlobalSection(SolutionConfigurationPlatforms) = preSolution
		Debug|Any CPU = Debug|Any CPU
		Release|Any CPU = Release|Any CPU
	EndGlobalSection
	GlobalSection(ProjectConfigurationPlatforms) = postSolution
		{26AC453A-7182-4CCB-B996-99E9DA21E494}.Debug|Any CPU.ActiveCfg = Debug|Any CPU
		{26AC453A-7182-4CCB-B996-99E9DA21E494}.Debug|Any CPU.Build.0 = Debug|Any CPU
		{26AC453A-7182-4CCB-B996-99E9DA21E494}.Release|Any CPU.ActiveCfg = Release|Any CPU
		{26AC453A-7182-4CCB-B996-99E9DA21E494}.Release|Any CPU.Build.0 = Release|Any CPU
		{14DC7B73-9F89-417F-A4DD-5582332633A8}.Debug|Any CPU.ActiveCfg = Debug|Any CPU
		{14DC7B73-9F89-417F-A4DD-5582332633A8}.Debug|Any CPU.Build.0 = Debug|Any CPU
		{14DC7B73-9F89-417F-A4DD-5582332633A8}.Release|Any CPU.ActiveCfg = Release|Any CPU
		{14DC7B73-9F89-417F-A4DD-5582332633A8}.Release|Any CPU.Build.0 = Release|Any CPU
	EndGlobalSection
EndGlobal
